// !$*UTF8*$!
{
	archiveVersion = 1;
	classes = {
	};
	objectVersion = 46;
	objects = {

/* Begin PBXBuildFile section */
		639C688919BD00B40044A06E /* main.m in Sources */ = {isa = PBXBuildFile; fileRef = 639C688819BD00B40044A06E /* main.m */; };
		639C688C19BD00B40044A06E /* AppDelegate.m in Sources */ = {isa = PBXBuildFile; fileRef = 639C688B19BD00B40044A06E /* AppDelegate.m */; };
		639C688F19BD00B40044A06E /* ViewController.m in Sources */ = {isa = PBXBuildFile; fileRef = 639C688E19BD00B40044A06E /* ViewController.m */; };
		639C689219BD00B40044A06E /* Main.storyboard in Resources */ = {isa = PBXBuildFile; fileRef = 639C689019BD00B40044A06E /* Main.storyboard */; };
		639C689419BD00B40044A06E /* Images.xcassets in Resources */ = {isa = PBXBuildFile; fileRef = 639C689319BD00B40044A06E /* Images.xcassets */; };
		639C68A019BD00B50044A06E /* HelloWorldTests.m in Sources */ = {isa = PBXBuildFile; fileRef = 639C689F19BD00B50044A06E /* HelloWorldTests.m */; };
/* End PBXBuildFile section */

/* Begin PBXContainerItemProxy section */
		639C689A19BD00B50044A06E /* PBXContainerItemProxy */ = {
			isa = PBXContainerItemProxy;
			containerPortal = 639C687B19BD00B40044A06E /* Project object */;
			proxyType = 1;
			remoteGlobalIDString = 639C688219BD00B40044A06E;
			remoteInfo = HelloWorld;
		};
/* End PBXContainerItemProxy section */

/* Begin PBXFileReference section */
		639C688319BD00B40044A06E /* HelloWorld.app */ = {isa = PBXFileReference; explicitFileType = wrapper.application; includeInIndex = 0; path = HelloWorld.app; sourceTree = BUILT_PRODUCTS_DIR; };
		639C688719BD00B40044A06E /* Info.plist */ = {isa = PBXFileReference; lastKnownFileType = text.plist.xml; path = Info.plist; sourceTree = "<group>"; };
		639C688819BD00B40044A06E /* main.m */ = {isa = PBXFileReference; lastKnownFileType = sourcecode.c.objc; path = main.m; sourceTree = "<group>"; };
		639C688A19BD00B40044A06E /* AppDelegate.h */ = {isa = PBXFileReference; lastKnownFileType = sourcecode.c.h; path = AppDelegate.h; sourceTree = "<group>"; };
		639C688B19BD00B40044A06E /* AppDelegate.m */ = {isa = PBXFileReference; lastKnownFileType = sourcecode.c.objc; path = AppDelegate.m; sourceTree = "<group>"; };
		639C688D19BD00B40044A06E /* ViewController.h */ = {isa = PBXFileReference; lastKnownFileType = sourcecode.c.h; path = ViewController.h; sourceTree = "<group>"; };
		639C688E19BD00B40044A06E /* ViewController.m */ = {isa = PBXFileReference; lastKnownFileType = sourcecode.c.objc; path = ViewController.m; sourceTree = "<group>"; };
		639C689119BD00B40044A06E /* Base */ = {isa = PBXFileReference; lastKnownFileType = file.storyboard; name = Base; path = Base.lproj/Main.storyboard; sourceTree = "<group>"; };
		639C689319BD00B40044A06E /* Images.xcassets */ = {isa = PBXFileReference; lastKnownFileType = folder.assetcatalog; path = Images.xcassets; sourceTree = "<group>"; };
		639C689919BD00B50044A06E /* HelloWorldTests.xctest */ = {isa = PBXFileReference; explicitFileType = wrapper.cfbundle; includeInIndex = 0; path = HelloWorldTests.xctest; sourceTree = BUILT_PRODUCTS_DIR; };
		639C689E19BD00B50044A06E /* Info.plist */ = {isa = PBXFileReference; lastKnownFileType = text.plist.xml; path = Info.plist; sourceTree = "<group>"; };
		639C689F19BD00B50044A06E /* HelloWorldTests.m */ = {isa = PBXFileReference; lastKnownFileType = sourcecode.c.objc; path = HelloWorldTests.m; sourceTree = "<group>"; };
/* End PBXFileReference section */

/* Begin PBXFrameworksBuildPhase section */
		639C688019BD00B40044A06E /* Frameworks */ = {
			isa = PBXFrameworksBuildPhase;
			buildActionMask = 2147483647;
			files = (
			);
			runOnlyForDeploymentPostprocessing = 0;
		};
		639C689619BD00B50044A06E /* Frameworks */ = {
			isa = PBXFrameworksBuildPhase;
			buildActionMask = 2147483647;
			files = (
			);
			runOnlyForDeploymentPostprocessing = 0;
		};
/* End PBXFrameworksBuildPhase section */

/* Begin PBXGroup section */
		639C687A19BD00B40044A06E = {
			isa = PBXGroup;
			children = (
				639C688519BD00B40044A06E /* HelloWorld */,
				639C689C19BD00B50044A06E /* HelloWorldTests */,
				639C688419BD00B40044A06E /* Products */,
			);
			sourceTree = "<group>";
		};
		639C688419BD00B40044A06E /* Products */ = {
			isa = PBXGroup;
			children = (
				639C688319BD00B40044A06E /* HelloWorld.app */,
				639C689919BD00B50044A06E /* HelloWorldTests.xctest */,
			);
			name = Products;
			sourceTree = "<group>";
		};
		639C688519BD00B40044A06E /* HelloWorld */ = {
			isa = PBXGroup;
			children = (
				639C688A19BD00B40044A06E /* AppDelegate.h */,
				639C688B19BD00B40044A06E /* AppDelegate.m */,
				639C688D19BD00B40044A06E /* ViewController.h */,
				639C688E19BD00B40044A06E /* ViewController.m */,
				639C689019BD00B40044A06E /* Main.storyboard */,
				639C689319BD00B40044A06E /* Images.xcassets */,
				639C688619BD00B40044A06E /* Supporting Files */,
			);
			path = HelloWorld;
			sourceTree = "<group>";
		};
		639C688619BD00B40044A06E /* Supporting Files */ = {
			isa = PBXGroup;
			children = (
				639C688719BD00B40044A06E /* Info.plist */,
				639C688819BD00B40044A06E /* main.m */,
			);
			name = "Supporting Files";
			sourceTree = "<group>";
		};
		639C689C19BD00B50044A06E /* HelloWorldTests */ = {
			isa = PBXGroup;
			children = (
				639C689F19BD00B50044A06E /* HelloWorldTests.m */,
				639C689D19BD00B50044A06E /* Supporting Files */,
			);
			path = HelloWorldTests;
			sourceTree = "<group>";
		};
		639C689D19BD00B50044A06E /* Supporting Files */ = {
			isa = PBXGroup;
			children = (
				639C689E19BD00B50044A06E /* Info.plist */,
			);
			name = "Supporting Files";
			sourceTree = "<group>";
		};
/* End PBXGroup section */

/* Begin PBXNativeTarget section */
		639C688219BD00B40044A06E /* HelloWorld */ = {
			isa = PBXNativeTarget;
			buildConfigurationList = 639C68A319BD00B50044A06E /* Build configuration list for PBXNativeTarget "HelloWorld" */;
			buildPhases = (
				639C687F19BD00B40044A06E /* Sources */,
				639C688019BD00B40044A06E /* Frameworks */,
				639C688119BD00B40044A06E /* Resources */,
			);
			buildRules = (
			);
			dependencies = (
			);
			name = HelloWorld;
			productName = HelloWorld;
			productReference = 639C688319BD00B40044A06E /* HelloWorld.app */;
			productType = "com.apple.product-type.application";
		};
		639C689819BD00B50044A06E /* HelloWorldTests */ = {
			isa = PBXNativeTarget;
			buildConfigurationList = 639C68A619BD00B50044A06E /* Build configuration list for PBXNativeTarget "HelloWorldTests" */;
			buildPhases = (
				639C689519BD00B50044A06E /* Sources */,
				639C689619BD00B50044A06E /* Frameworks */,
				639C689719BD00B50044A06E /* Resources */,
			);
			buildRules = (
			);
			dependencies = (
				639C689B19BD00B50044A06E /* PBXTargetDependency */,
			);
			name = HelloWorldTests;
			productName = HelloWorldTests;
			productReference = 639C689919BD00B50044A06E /* HelloWorldTests.xctest */;
			productType = "com.apple.product-type.bundle.unit-test";
		};
/* End PBXNativeTarget section */

/* Begin PBXProject section */
		639C687B19BD00B40044A06E /* Project object */ = {
			isa = PBXProject;
			attributes = {
				LastUpgradeCheck = 0600;
				ORGANIZATIONNAME = "Chad Williams";
				TargetAttributes = {
					639C688219BD00B40044A06E = {
						CreatedOnToolsVersion = 6.0;
					};
					639C689819BD00B50044A06E = {
						CreatedOnToolsVersion = 6.0;
						TestTargetID = 639C688219BD00B40044A06E;
					};
				};
			};
			buildConfigurationList = 639C687E19BD00B40044A06E /* Build configuration list for PBXProject "HelloWorld" */;
			compatibilityVersion = "Xcode 3.2";
			developmentRegion = English;
			hasScannedForEncodings = 0;
			knownRegions = (
				en,
				Base,
			);
			mainGroup = 639C687A19BD00B40044A06E;
			productRefGroup = 639C688419BD00B40044A06E /* Products */;
			projectDirPath = "";
			projectRoot = "";
			targets = (
				639C688219BD00B40044A06E /* HelloWorld */,
				639C689819BD00B50044A06E /* HelloWorldTests */,
			);
		};
/* End PBXProject section */

/* Begin PBXResourcesBuildPhase section */
		639C688119BD00B40044A06E /* Resources */ = {
			isa = PBXResourcesBuildPhase;
			buildActionMask = 2147483647;
			files = (
				639C689219BD00B40044A06E /* Main.storyboard in Resources */,
				639C689419BD00B40044A06E /* Images.xcassets in Resources */,
			);
			runOnlyForDeploymentPostprocessing = 0;
		};
		639C689719BD00B50044A06E /* Resources */ = {
			isa = PBXResourcesBuildPhase;
			buildActionMask = 2147483647;
			files = (
			);
			runOnlyForDeploymentPostprocessing = 0;
		};
/* End PBXResourcesBuildPhase section */

/* Begin PBXSourcesBuildPhase section */
		639C687F19BD00B40044A06E /* Sources */ = {
			isa = PBXSourcesBuildPhase;
			buildActionMask = 2147483647;
			files = (
				639C688F19BD00B40044A06E /* ViewController.m in Sources */,
				639C688C19BD00B40044A06E /* AppDelegate.m in Sources */,
				639C688919BD00B40044A06E /* main.m in Sources */,
			);
			runOnlyForDeploymentPostprocessing = 0;
		};
		639C689519BD00B50044A06E /* Sources */ = {
			isa = PBXSourcesBuildPhase;
			buildActionMask = 2147483647;
			files = (
				639C68A019BD00B50044A06E /* HelloWorldTests.m in Sources */,
			);
			runOnlyForDeploymentPostprocessing = 0;
		};
/* End PBXSourcesBuildPhase section */

/* Begin PBXTargetDependency section */
		639C689B19BD00B50044A06E /* PBXTargetDependency */ = {
			isa = PBXTargetDependency;
			target = 639C688219BD00B40044A06E /* HelloWorld */;
			targetProxy = 639C689A19BD00B50044A06E /* PBXContainerItemProxy */;
		};
/* End PBXTargetDependency section */

/* Begin PBXVariantGroup section */
		639C689019BD00B40044A06E /* Main.storyboard */ = {
			isa = PBXVariantGroup;
			children = (
				639C689119BD00B40044A06E /* Base */,
			);
			name = Main.storyboard;
			sourceTree = "<group>";
		};
/* End PBXVariantGroup section */

/* Begin XCBuildConfiguration section */
		639C68A119BD00B50044A06E /* Debug */ = {
			isa = XCBuildConfiguration;
			buildSettings = {
				ALWAYS_SEARCH_USER_PATHS = NO;
				CLANG_CXX_LANGUAGE_STANDARD = "gnu++0x";
				CLANG_CXX_LIBRARY = "libc++";
				CLANG_ENABLE_MODULES = YES;
				CLANG_ENABLE_OBJC_ARC = YES;
				CLANG_WARN_BOOL_CONVERSION = YES;
				CLANG_WARN_CONSTANT_CONVERSION = YES;
				CLANG_WARN_DIRECT_OBJC_ISA_USAGE = YES_ERROR;
				CLANG_WARN_EMPTY_BODY = YES;
				CLANG_WARN_ENUM_CONVERSION = YES;
				CLANG_WARN_INT_CONVERSION = YES;
				CLANG_WARN_OBJC_ROOT_CLASS = YES_ERROR;
				CLANG_WARN_UNREACHABLE_CODE = YES;
				CLANG_WARN__DUPLICATE_METHOD_MATCH = YES;
				"CODE_SIGN_IDENTITY[sdk=iphoneos*]" = "iPhone Developer";
				COPY_PHASE_STRIP = NO;
				ENABLE_STRICT_OBJC_MSGSEND = YES;
				GCC_C_LANGUAGE_STANDARD = gnu99;
				GCC_DYNAMIC_NO_PIC = NO;
				GCC_OPTIMIZATION_LEVEL = 0;
				GCC_PREPROCESSOR_DEFINITIONS = (
					"DEBUG=1",
					"$(inherited)",
				);
				GCC_SYMBOLS_PRIVATE_EXTERN = NO;
				GCC_WARN_64_TO_32_BIT_CONVERSION = YES;
				GCC_WARN_ABOUT_RETURN_TYPE = YES_ERROR;
				GCC_WARN_UNDECLARED_SELECTOR = YES;
				GCC_WARN_UNINITIALIZED_AUTOS = YES_AGGRESSIVE;
				GCC_WARN_UNUSED_FUNCTION = YES;
				GCC_WARN_UNUSED_VARIABLE = YES;
				IPHONEOS_DEPLOYMENT_TARGET = 8.0;
				MTL_ENABLE_DEBUG_INFO = YES;
				ONLY_ACTIVE_ARCH = YES;
				SDKROOT = iphoneos;
				TARGETED_DEVICE_FAMILY = "1,2";
			};
			name = Debug;
		};
		639C68A219BD00B50044A06E /* Release */ = {
			isa = XCBuildConfiguration;
			buildSettings = {
				ALWAYS_SEARCH_USER_PATHS = NO;
				CLANG_CXX_LANGUAGE_STANDARD = "gnu++0x";
				CLANG_CXX_LIBRARY = "libc++";
				CLANG_ENABLE_MODULES = YES;
				CLANG_ENABLE_OBJC_ARC = YES;
				CLANG_WARN_BOOL_CONVERSION = YES;
				CLANG_WARN_CONSTANT_CONVERSION = YES;
				CLANG_WARN_DIRECT_OBJC_ISA_USAGE = YES_ERROR;
				CLANG_WARN_EMPTY_BODY = YES;
				CLANG_WARN_ENUM_CONVERSION = YES;
				CLANG_WARN_INT_CONVERSION = YES;
				CLANG_WARN_OBJC_ROOT_CLASS = YES_ERROR;
				CLANG_WARN_UNREACHABLE_CODE = YES;
				CLANG_WARN__DUPLICATE_METHOD_MATCH = YES;
				"CODE_SIGN_IDENTITY[sdk=iphoneos*]" = "iPhone Developer";
				COPY_PHASE_STRIP = YES;
				ENABLE_NS_ASSERTIONS = NO;
				ENABLE_STRICT_OBJC_MSGSEND = YES;
				GCC_C_LANGUAGE_STANDARD = gnu99;
				GCC_WARN_64_TO_32_BIT_CONVERSION = YES;
				GCC_WARN_ABOUT_RETURN_TYPE = YES_ERROR;
				GCC_WARN_UNDECLARED_SELECTOR = YES;
				GCC_WARN_UNINITIALIZED_AUTOS = YES_AGGRESSIVE;
				GCC_WARN_UNUSED_FUNCTION = YES;
				GCC_WARN_UNUSED_VARIABLE = YES;
				IPHONEOS_DEPLOYMENT_TARGET = 8.0;
				MTL_ENABLE_DEBUG_INFO = NO;
				SDKROOT = iphoneos;
				TARGETED_DEVICE_FAMILY = "1,2";
				VALIDATE_PRODUCT = YES;
			};
			name = Release;
		};
		639C68A419BD00B50044A06E /* Debug */ = {
			isa = XCBuildConfiguration;
			buildSettings = {
				ASSETCATALOG_COMPILER_APPICON_NAME = AppIcon;
				ASSETCATALOG_COMPILER_LAUNCHIMAGE_NAME = LaunchImage;
				INFOPLIST_FILE = HelloWorld/Info.plist;
				LD_RUNPATH_SEARCH_PATHS = "$(inherited) @executable_path/Frameworks";
				PRODUCT_NAME = "$(TARGET_NAME)";
			};
			name = Debug;
		};
		639C68A519BD00B50044A06E /* Release */ = {
			isa = XCBuildConfiguration;
			buildSettings = {
				ASSETCATALOG_COMPILER_APPICON_NAME = AppIcon;
				ASSETCATALOG_COMPILER_LAUNCHIMAGE_NAME = LaunchImage;
				INFOPLIST_FILE = HelloWorld/Info.plist;
				LD_RUNPATH_SEARCH_PATHS = "$(inherited) @executable_path/Frameworks";
				PRODUCT_NAME = "$(TARGET_NAME)";
			};
			name = Release;
		};
		639C68A719BD00B50044A06E /* Debug */ = {
			isa = XCBuildConfiguration;
			buildSettings = {
				BUNDLE_LOADER = "$(TEST_HOST)";
				FRAMEWORK_SEARCH_PATHS = (
					"$(SDKROOT)/Developer/Library/Frameworks",
					"$(inherited)",
				);
				GCC_PREPROCESSOR_DEFINITIONS = (
					"DEBUG=1",
					"$(inherited)",
				);
				INFOPLIST_FILE = HelloWorldTests/Info.plist;
				LD_RUNPATH_SEARCH_PATHS = "$(inherited) @executable_path/Frameworks @loader_path/Frameworks";
				PRODUCT_NAME = "$(TARGET_NAME)";
				TEST_HOST = "$(BUILT_PRODUCTS_DIR)/HelloWorld.app/HelloWorld";
			};
			name = Debug;
		};
		639C68A819BD00B50044A06E /* Release */ = {
			isa = XCBuildConfiguration;
			buildSettings = {
				BUNDLE_LOADER = "$(TEST_HOST)";
				FRAMEWORK_SEARCH_PATHS = (
					"$(SDKROOT)/Developer/Library/Frameworks",
					"$(inherited)",
				);
				INFOPLIST_FILE = HelloWorldTests/Info.plist;
				LD_RUNPATH_SEARCH_PATHS = "$(inherited) @executable_path/Frameworks @loader_path/Frameworks";
				PRODUCT_NAME = "$(TARGET_NAME)";
				TEST_HOST = "$(BUILT_PRODUCTS_DIR)/HelloWorld.app/HelloWorld";
			};
			name = Release;
		};
/* End XCBuildConfiguration section */

/* Begin XCConfigurationList section */
		639C687E19BD00B40044A06E /* Build configuration list for PBXProject "HelloWorld" */ = {
			isa = XCConfigurationList;
			buildConfigurations = (
				639C68A119BD00B50044A06E /* Debug */,
				639C68A219BD00B50044A06E /* Release */,
			);
			defaultConfigurationIsVisible = 0;
			defaultConfigurationName = Release;
		};
		639C68A319BD00B50044A06E /* Build configuration list for PBXNativeTarget "HelloWorld" */ = {
			isa = XCConfigurationList;
			buildConfigurations = (
				639C68A419BD00B50044A06E /* Debug */,
				639C68A519BD00B50044A06E /* Release */,
			);
			defaultConfigurationIsVisible = 0;
		};
		639C68A619BD00B50044A06E /* Build configuration list for PBXNativeTarget "HelloWorldTests" */ = {
			isa = XCConfigurationList;
			buildConfigurations = (
				639C68A719BD00B50044A06E /* Debug */,
				639C68A819BD00B50044A06E /* Release */,
			);
			defaultConfigurationIsVisible = 0;
		};
/* End XCConfigurationList section */
	};
	rootObject = 639C687B19BD00B40044A06E /* Project object */;
}
